
Microsoft Visual Studio Solution File, Format Version 12.00
# Visual Studio Version 17
VisualStudioVersion = 17.3.32825.248
MinimumVisualStudioVersion = 10.0.40219.1
Project("{FAE04EC0-301F-11D3-BF4B-00C04F79EFBC}") = "Exam Task", "Exam Task.csproj", "{C6BB5F15-4F00-42F4-BDC9-A4AB17AC6704}"
EndProject
Global
	GlobalSection(SolutionConfigurationPlatforms) = preSolution
		Debug|Any CPU = Debug|Any CPU
		Release|Any CPU = Release|Any CPU
	EndGlobalSection
	GlobalSection(ProjectConfigurationPlatforms) = postSolution
		{C6BB5F15-4F00-42F4-BDC9-A4AB17AC6704}.Debug|Any CPU.ActiveCfg = Debug|Any CPU
		{C6BB5F15-4F00-42F4-BDC9-A4AB17AC6704}.Debug|Any CPU.Build.0 = Debug|Any CPU
		{C6BB5F15-4F00-42F4-BDC9-A4AB17AC6704}.Release|Any CPU.ActiveCfg = Release|Any CPU
		{C6BB5F15-4F00-42F4-BDC9-A4AB17AC6704}.Release|Any CPU.Build.0 = Release|Any CPU
	EndGlobalSection
	GlobalSection(SolutionProperties) = preSolution
		HideSolutionNode = FALSE
	EndGlobalSection
	GlobalSection(ExtensibilityGlobals) = postSolution
		SolutionGuid = {D1F261DE-F204-4763-AD90-CE181A7AF8EF}
	EndGlobalSection
EndGlobal
